
Microsoft Visual Studio Solution File, Format Version 12.00
# Visual Studio Version 17
VisualStudioVersion = 17.13.35919.96 d17.13
MinimumVisualStudioVersion = 10.0.40219.1
Project("{FAE04EC0-301F-11D3-BF4B-00C04F79EFBC}") = "Mangement", "Mangement.csproj", "{4A7AC6D0-B51A-4D3E-82DF-17D62B041701}"
EndProject
Global
	GlobalSection(SolutionConfigurationPlatforms) = preSolution
		Debug|Any CPU = Debug|Any CPU
		Release|Any CPU = Release|Any CPU
	EndGlobalSection
	GlobalSection(ProjectConfigurationPlatforms) = postSolution
		{4A7AC6D0-B51A-4D3E-82DF-17D62B041701}.Debug|Any CPU.ActiveCfg = Debug|Any CPU
		{4A7AC6D0-B51A-4D3E-82DF-17D62B041701}.Debug|Any CPU.Build.0 = Debug|Any CPU
		{4A7AC6D0-B51A-4D3E-82DF-17D62B041701}.Release|Any CPU.ActiveCfg = Release|Any CPU
		{4A7AC6D0-B51A-4D3E-82DF-17D62B041701}.Release|Any CPU.Build.0 = Release|Any CPU
	EndGlobalSection
	GlobalSection(SolutionProperties) = preSolution
		HideSolutionNode = FALSE
	EndGlobalSection
	GlobalSection(ExtensibilityGlobals) = postSolution
		SolutionGuid = {543F5C29-52F5-414F-BFAD-4646D0857256}
	EndGlobalSection
EndGlobal
